{
  "artifact": "aprd.v5.frozen.md",
  "version": "v5",
  "content_sha256": "e7ef56eaa389eb2b9012317f38a95bbe3eb02417666fcf7782ffebde8b6f1b51",
  "signer": "self-host:agentic-delivery-pipeline",
  "signed_at": "2026-06-11T00:00:00Z",
  "status": "frozen",
  "supersedes": { "version": "v4", "content_sha256": "438061eca012ecbf44767dcffbfe564d8f0e581fbcd598f78a3483887d117c85" }
}
