{
  "artifact": ".adr/log/",
  "version": "v1",
  "content_sha256": "13c66e61b56158f6c36e23f3fe588b3c48db66ed230aca5cd7ac760adc9d8701",
  "signer": "self-host:agentic-delivery-pipeline",
  "signed_at": "2026-06-08T00:00:00Z",
  "status": "frozen",
  "gate": {
    "reconcile_verdict": "coherent",
    "critique_verdict": "clean"
  },
  "class": "self-host",
  "stack_adr": "ADR-0021",
  "adrs": [
    {
      "id": "ADR-0001",
      "dn": "D1",
      "title": "One role = one prompt",
      "status": "Accepted",
      "mode": "foundation",
      "scope": "global",
      "source": "_rules.md Conventions · _decisions.md Decision index",
      "supersedes": null,
      "superseded_by": null,
      "draft_ref": "drafts/0001-one-role-one-prompt.draft.md",
      "log_ref": "log/0001-one-role-one-prompt.md"
    },
    {
      "id": "ADR-0002",
      "dn": "D2",
      "title": "Storage layout",
      "status": "Accepted",
      "mode": "foundation",
      "scope": "global",
      "source": "_rules.md Conventions · _decisions.md Decision index",
      "supersedes": null,
      "superseded_by": null,
      "draft_ref": "drafts/0002-storage-layout.draft.md",
      "log_ref": "log/0002-storage-layout.md"
    },
    {
      "id": "ADR-0003",
      "dn": "D3",
      "title": "Artifacts land on disk",
      "status": "Accepted",
      "mode": "foundation",
      "scope": "global",
      "source": "_rules.md Conventions · _decisions.md Decision index",
      "supersedes": null,
      "superseded_by": null,
      "draft_ref": "drafts/0003-artifacts-land-on-disk.draft.md",
      "log_ref": "log/0003-artifacts-land-on-disk.md"
    },
    {
      "id": "ADR-0004",
      "dn": "D4",
      "title": "Greenfield class first",
      "status": "Accepted",
      "mode": "foundation",
      "scope": "global",
      "source": "_rules.md Conventions · _decisions.md Decision index",
      "supersedes": null,
      "superseded_by": null,
      "draft_ref": "drafts/0004-greenfield-class-first.draft.md",
      "log_ref": "log/0004-greenfield-class-first.md"
    },
    {
      "id": "ADR-0005",
      "dn": "D5",
      "title": "Research branch placement",
      "status": "Accepted",
      "mode": "foundation",
      "scope": "global",
      "source": "_decisions.md",
      "supersedes": null,
      "superseded_by": null,
      "draft_ref": "drafts/0005-research-branch-placement.draft.md",
      "log_ref": "log/0005-research-branch-placement.md"
    },
    {
      "id": "ADR-0006",
      "dn": "D6",
      "title": "VERIFY-OUTPUT placement",
      "status": "Accepted",
      "mode": "foundation",
      "scope": "global",
      "source": "_decisions.md",
      "supersedes": null,
      "superseded_by": null,
      "draft_ref": "drafts/0006-verify-output-placement.draft.md",
      "log_ref": "log/0006-verify-output-placement.md"
    },
    {
      "id": "ADR-0007",
      "dn": "D7",
      "title": "Phase-1 file numbering past 03",
      "status": "Accepted",
      "mode": "foundation",
      "scope": "global",
      "source": "_decisions.md",
      "supersedes": null,
      "superseded_by": null,
      "draft_ref": "drafts/0007-phase-1-file-numbering-past-03.draft.md",
      "log_ref": "log/0007-phase-1-file-numbering-past-03.md"
    },
    {
      "id": "ADR-0008",
      "dn": "D8",
      "title": "RE-RANK vs SEQUENCE-REVIEW ordering + interactive-prompt design",
      "status": "Accepted",
      "mode": "foundation",
      "scope": "global",
      "source": "_decisions.md",
      "supersedes": null,
      "superseded_by": null,
      "draft_ref": "drafts/0008-re-rank-vs-sequence-review-ordering-interactive-prompt-design.draft.md",
      "log_ref": "log/0008-re-rank-vs-sequence-review-ordering-interactive-prompt-design.md"
    },
    {
      "id": "ADR-0009",
      "dn": "D9",
      "title": "Phase-3 skeleton/increment mode split + ADR-baseline input form",
      "status": "Accepted",
      "mode": "foundation",
      "scope": "global",
      "source": "_decisions.md",
      "supersedes": null,
      "superseded_by": null,
      "draft_ref": "drafts/0009-phase-3-skeleton-increment-mode-split-adr-baseline-input-form.draft.md",
      "log_ref": "log/0009-phase-3-skeleton-increment-mode-split-adr-baseline-input-form.md"
    },
    {
      "id": "ADR-0010",
      "dn": "D10",
      "title": "Prompt bloat root cause + DRY skeleton",
      "status": "Accepted",
      "mode": "foundation",
      "scope": "global",
      "source": "_decisions.md",
      "supersedes": null,
      "superseded_by": null,
      "draft_ref": "drafts/0010-prompt-bloat-root-cause-dry-skeleton.draft.md",
      "log_ref": "log/0010-prompt-bloat-root-cause-dry-skeleton.md"
    },
    {
      "id": "ADR-0011",
      "dn": "D11",
      "title": "Phase-4 mode split + mechanical skeleton freeze",
      "status": "Accepted",
      "mode": "foundation",
      "scope": "global",
      "source": "_decisions.md",
      "supersedes": null,
      "superseded_by": null,
      "draft_ref": "drafts/0011-phase-4-mode-split-mechanical-skeleton-freeze.draft.md",
      "log_ref": "log/0011-phase-4-mode-split-mechanical-skeleton-freeze.md"
    },
    {
      "id": "ADR-0012",
      "dn": "D12",
      "title": "IMPLEMENT scope + contract-test partition + scaffold + verification method",
      "status": "Accepted",
      "mode": "foundation",
      "scope": "global",
      "source": "_decisions.md",
      "supersedes": null,
      "superseded_by": null,
      "draft_ref": "drafts/0012-implement-scope-contract-test-partition-scaffold-verification-method.draft.md",
      "log_ref": "log/0012-implement-scope-contract-test-partition-scaffold-verification-method.md"
    },
    {
      "id": "ADR-0013",
      "dn": "D13",
      "title": "DIAGNOSE input form + standalone-vs-inline + test approach",
      "status": "Accepted",
      "mode": "foundation",
      "scope": "global",
      "source": "_decisions.md",
      "supersedes": null,
      "superseded_by": null,
      "draft_ref": "drafts/0013-diagnose-input-form-standalone-vs-inline-test-approach.draft.md",
      "log_ref": "log/0013-diagnose-input-form-standalone-vs-inline-test-approach.md"
    },
    {
      "id": "ADR-0014",
      "dn": "D14",
      "title": "Phase-3 INCREMENT authoring pattern",
      "status": "Accepted",
      "mode": "foundation",
      "scope": "global",
      "source": "_decisions.md",
      "supersedes": null,
      "superseded_by": null,
      "draft_ref": "drafts/0014-phase-3-increment-authoring-pattern.draft.md",
      "log_ref": "log/0014-phase-3-increment-authoring-pattern.md"
    },
    {
      "id": "ADR-0015",
      "dn": "D15",
      "title": "RESOLVE-LOCAL increment design calls",
      "status": "Accepted",
      "mode": "foundation",
      "scope": "global",
      "source": "_decisions.md",
      "supersedes": null,
      "superseded_by": null,
      "draft_ref": "drafts/0015-resolve-local-increment-design-calls.draft.md",
      "log_ref": "log/0015-resolve-local-increment-design-calls.md"
    },
    {
      "id": "ADR-0016",
      "dn": "D16",
      "title": "MODEL-DATA increment design calls",
      "status": "Accepted",
      "mode": "foundation",
      "scope": "global",
      "source": "_decisions.md",
      "supersedes": null,
      "superseded_by": null,
      "draft_ref": "drafts/0016-model-data-increment-design-calls.draft.md",
      "log_ref": "log/0016-model-data-increment-design-calls.md"
    },
    {
      "id": "ADR-0017",
      "dn": "D17",
      "title": "MAP-NFR increment design calls",
      "status": "Accepted",
      "mode": "foundation",
      "scope": "global",
      "source": "_decisions.md",
      "supersedes": null,
      "superseded_by": null,
      "draft_ref": "drafts/0017-map-nfr-increment-design-calls.draft.md",
      "log_ref": "log/0017-map-nfr-increment-design-calls.md"
    },
    {
      "id": "ADR-0018",
      "dn": "D18",
      "title": "MODEL-FLOWS increment design calls",
      "status": "Accepted",
      "mode": "foundation",
      "scope": "global",
      "source": "_decisions.md",
      "supersedes": null,
      "superseded_by": null,
      "draft_ref": "drafts/0018-model-flows-increment-design-calls.draft.md",
      "log_ref": "log/0018-model-flows-increment-design-calls.md"
    },
    {
      "id": "ADR-0019",
      "dn": "D19",
      "title": "DERIVE-TESTS increment design calls",
      "status": "Accepted",
      "mode": "foundation",
      "scope": "global",
      "source": "_decisions.md",
      "supersedes": null,
      "superseded_by": null,
      "draft_ref": "drafts/0019-derive-tests-increment-design-calls.draft.md",
      "log_ref": "log/0019-derive-tests-increment-design-calls.md"
    },
    {
      "id": "ADR-0020",
      "dn": "D20",
      "title": "Pipeline idempotency & crash-safe resume",
      "status": "Accepted",
      "mode": "foundation",
      "scope": "global",
      "source": "_decisions.md",
      "supersedes": null,
      "superseded_by": null,
      "draft_ref": "drafts/0020-pipeline-idempotency-crash-safe-resume.draft.md",
      "log_ref": "log/0020-pipeline-idempotency-crash-safe-resume.md"
    },
    {
      "id": "ADR-0021",
      "dn": "D21",
      "title": "Stack ADR: `stack = agentic-delivery-pipeline` (the self-host deliverable target)",
      "status": "Accepted",
      "mode": "foundation",
      "scope": "global",
      "source": "_decisions.md",
      "supersedes": null,
      "superseded_by": null,
      "draft_ref": "drafts/0021-stack-adr-stack-agentic-delivery-pipeline-the-self-host-deliverable-ta.draft.md",
      "log_ref": "log/0021-stack-adr-stack-agentic-delivery-pipeline-the-self-host-deliverable-ta.md",
      "stack": "agentic-delivery-pipeline"
    }
  ],
  "adr_count": 21
}
