{
  "artifact": "schemas/",
  "version": "v4",
  "content_sha256": "70c78dd3a03cbc81d70c3ec7b81d4086d5ae6d897bec5e9eb577c45a01959c4e",
  "content_sha256_algo": "sha256 of all *.schema.json files and _meta.json under schemas/, files enumerated by recursive readdir with entries sorted alphabetically at each directory level, file contents concatenated in that sorted order (no separators), hashed as single stream. Order: _meta.json first (root), then subdirs 00-aprd/ 01-roadmap/ 02-adr/ 03-hld/ 04-build/ each sorted internally. Node crypto.createHash('sha256').update(<file bytes>...).digest('hex').",
  "signer": "self-host:agentic-delivery-pipeline",
  "signed_at": "2026-06-12T14:00:00Z",
  "status": "frozen",
  "class": "self-host",
  "mode": "schema-registry",
  "schema_count": 48,
  "supersedes": "v3:15d5407aa41f848bab25e2c08057b681aff1844b98db9486e0917063b2ff2158",
  "note": "v4 = v3 + W29i/CR-015 CLASSIFIER audit overlay (2026-06-12): schemas/00-aprd/01-classification.schema.json subrequests[].class enum updated — added 'audit' (ninth class, D36). description updated: 'one of the nine request classes'. schema_count unchanged (48 — no new file). v3 pinned by content_sha256 in supersedes."
}
