{
  "artifact": ".hld/skeleton/",
  "version": "v15",
  "content_sha256": "0e0a27915fed899d239fe2f97893af71b92a75aefc28ca91dfaf013e9cac5ff6",
  "content_sha256_algo": "sha256 of the 5 manifested artifacts (build-dag.json, coding-canon.md, components.json, contracts.json, prompt-skeleton.md) concatenated in sorted-name order. v3's value was not reproducible from working tree or git history (v3 lock predates the committed AB7-9 change at 5bdd13a and used an undocumented algorithm); v4 establishes this documented, reproducible algorithm — operator re-seals at commit if a different canonical algorithm is preferred.",
  "signer": "self-host:agentic-delivery-pipeline",
  "signed_at": "2026-06-12T16:00:00Z",
  "status": "frozen",
  "gate": {
    "reconcile_critique_verdict": "clean"
  },
  "amendment": "v15 = v14 + W30f/CR-019 SEQUENCE-FEATURE-ADD component (2026-06-12): components.json amended — SEQUENCE-FEATURE-ADD added to phases[01-roadmap].roles[] (feature-add sequencer, Phase 1, D37/CR-019, stochastic prompt at prompts/01-roadmap/SEQUENCE-FEATURE-ADD.md, orders new feature slices into 08-rerank.json remaining_sequence[], pins completed[] baseline, hands off to RE-RANK). SEQUENCE trimmed to greenfield-only (class=greenfield, feature-add dispatch note updated in role body). role_count 7→8 in 01-roadmap phase. component_count 44→45. io-manifest.json updated with SEQUENCE-FEATURE-ADD role entry. prompts/_playbooks/feature-add.md rewired (prompt_overlays SEQUENCE-FEATURE-ADD, new_roles=[BASELINE-MAP]). build-dag.json/coding-canon.md/contracts.json/prompt-skeleton.md unchanged. Additive to v14; set coherent. Re-signed content_sha256 over 5 manifested artifacts (sorted-name order). skeleton_counts.roles 44→45.\n\nv14 = v13 + W30e/CR-018 BUGFIX-LOCALIZE component (2026-06-12): components.json amended — BUGFIX-LOCALIZE added to phases[00-aprd].roles[] (bugfix-class Phase-0 intake role, D37/CR-018, stochastic prompt at prompts/00-aprd/BUGFIX-LOCALIZE.md, reproduces/localizes/root-causes defect, writes .aprd/diagnosis.json, root_cause.cause carried VERBATIM by SYNTHESIZE H10). role_count 13→14 in 00-aprd phase. component_count 43→44. io-manifest.json updated with BUGFIX-LOCALIZE role entry; DIAGNOSE bugfix-localize when-block removed (mode extracted per SRP split). io.lock v2→v3 re-signed. build-dag.json/coding-canon.md/contracts.json/prompt-skeleton.md unchanged. Additive to v13; set coherent. Re-signed content_sha256 over 5 manifested artifacts (sorted-name order). skeleton_counts.roles 43→44.\n\nv13 = v12 + W30d/CR-017 AUDIT-PROMOTE component + AUDIT-REPORT trim (2026-06-12): components.json amended — AUDIT-PROMOTE added to phases[00-aprd].roles[] (audit-class silent intake writer role, D37/CR-017 §B, stochastic prompt at prompts/00-aprd/AUDIT-PROMOTE.md, reads audit-report.json, writes .aprd/00-raw-request.md). AUDIT-REPORT note updated (promote-path removed, D37/CR-017 §A). role_count 12→13 in 00-aprd phase. component_count 42→43. io-manifest.json updated with AUDIT-PROMOTE role entry. build-dag.json/coding-canon.md/contracts.json/prompt-skeleton.md unchanged. Additive to v12; set coherent. Re-signed content_sha256 over 5 manifested artifacts (sorted-name order). skeleton_counts.roles 42→43.\n\nv12 = v11 + W29h/CR-015 AUDIT-REPORT component (2026-06-12): components.json amended — AUDIT-REPORT added to phases[00-aprd].roles[] (audit-class silent report writer role, D36/CR-015, stochastic prompt at prompts/00-aprd/AUDIT-REPORT.md, reads audit-report.json, writes .audit/report.md + .aprd/00-raw-request.md). role_count 11→12 in 00-aprd phase. component_count 41→42. Note updated. build-dag.json/coding-canon.md/contracts.json/prompt-skeleton.md unchanged. Additive to v11; set coherent. Re-signed content_sha256 over 5 manifested artifacts (sorted-name order). io-manifest.json updated with AUDIT-REPORT role entry. skeleton.lock.skeleton_counts.roles 41→42.\n\nv11 = v10 + W29g/CR-015 AUDIT-RUN component (2026-06-12): components.json amended — AUDIT-RUN added to phases[00-aprd].roles[] (audit-class silent auditor role, D36/CR-015, stochastic prompt at prompts/00-aprd/AUDIT-RUN.md, reads lenses + scope, evaluates every criterion per in-scope file, writes .audit/audit-report.json). role_count 10→11 in 00-aprd phase. component_count 40→41. Note updated. build-dag.json/coding-canon.md/contracts.json/prompt-skeleton.md unchanged. Additive to v10; set coherent. Re-signed content_sha256 over 5 manifested artifacts (sorted-name order). schema_count 47→48 (audit-report.schema.json added). schemas.lock v2→v3 re-signed.\n\nv10 = v9 + W29f/CR-015 LENS-DEFINE component (2026-06-12): components.json amended — LENS-DEFINE added to phases[00-aprd].roles[] (audit-class interactive intake role, D36/CR-015, stochastic prompt at prompts/00-aprd/LENS-DEFINE.md, collects Operator lens definitions + scope, writes .audit/lenses.json + .audit/scope.json). role_count 9→10 in 00-aprd phase. component_count 39→40. Note updated. build-dag.json/coding-canon.md/contracts.json/prompt-skeleton.md unchanged. Additive to v9; set coherent. Re-signed content_sha256 over 5 manifested artifacts (sorted-name order). skeleton_counts.roles 39→40. v9 = v8 + W24b/CR-010 LEDGER-PRUNE component + STEP-0.1 postcondition contract (2026-06-12): components.json amended — LEDGER-PRUNE added to inline_orchestrator[] (operating-model helper, D31, det-tool-backed tools/det/prune-ledger.mjs, no prompt file, logic inline at orchestrator STEP 0.1 after reconcile). contracts.json amended — postconditions[] added with step-0.1-ledger-prune (prune merged completed[] rows whose done_sentinel on master R-LH-1, preserve remaining_sequence + open deferred_findings R-LH-2, idempotent R-LH-3; ledger informational not frontier-source D20). Generated-frozen rule honored: graph-lint.mjs::generateContracts CONTRACTS_POSTCONDITIONS constant added + regen via --write + selftest deep-equal green. 39 stochastic-role count unchanged (LEDGER-PRUNE is operating-model, not a stochastic role). Additive to v8; set coherent. Re-signed content_sha256 over the 5 manifested artifacts (sorted-name order). built_against.adr_version advanced to v11. v8 = v7 + W21/CR-008 STREAM-MANAGER branch-match update + contracts branch-match precondition (2026-06-12): components.json STREAM-MANAGER inline_orchestrator[] note updated — amends_adr=ADR-0029, cr=CR-008, R-MW-5 branch-match Cases A–E noted, brief.md branch: as authoritative binding. contracts.json step-0-precondition updated — contract + branch_match_cases A–E + violation_response (D29). Additive to v7; set coherent. Re-signed content_sha256 over the 5 manifested artifacts (sorted-name order). built_against.adr_version advanced to v9. v7 = v6 + W17/CR-007 STREAM-MANAGER component + precondition contract (2026-06-12): components.json amended — STREAM-MANAGER added to inline_orchestrator[] (operating-model helper, D28, no prompt file, logic inline in orchestrator STEP 0.0 + STEP 0.1 + new-stream dispatch, _streams/<slug>/brief.md sentinel). contracts.json amended — preconditions[] added with step-0-precondition (branch!=master OR no in-flight workstreams AND reconcile clean | HALT). 39 stochastic-role count unchanged (STREAM-MANAGER is operating-model, not a stochastic role). Additive to v6; set coherent. Re-signed content_sha256 over the 5 manifested artifacts (sorted-name order, documented algorithm). v6 = v5 + W5/CR-002 Tier-1 retirement (deterministic-machine drain, 2026-06-11): components.json amended — BASELINE-MAP + BUILD-PLAN marked emitter_owned (D26/D27), prompts removed (prompts/00-aprd/BASELINE-MAP.md + prompts/04-build/BUILD-PLAN.md deleted), artifact owned end-to-end by tools/det/emit/{baseline-map,build-plan}.mjs (both-directions selftests green vs _fixtures). Role identity survives via sentinel + components.json emitter_owned entry (D1 holds — role survives, stochastic prompt does not). 39-role count unchanged (roles emitter-backed not prompt-backed). DERIVE-TESTS + VERIFY-OUTPUT emitters also shipped (greenfield spine) but their prompts NOT retired this wave — emitters not yet end-to-end (no bugfix/feature-add deltas), so retiring would regress brownfield (directive §9); their retirement lands when deltas complete. build-dag.json/coding-canon.md/contracts.json/prompt-skeleton.md unchanged. Additive to v5; set coherent. Re-signed content_sha256 over the 5 manifested artifacts (sorted-name order, documented algorithm).\n\nv5 = v4 + CR-002 deterministic-machine canon amendments (HLD canon CR, Phase-3 re-trigger 2026-06-11, frozen→versioned not silent edit): coding-canon.md — PR2 restated (checkable by registry-id equality, D24/D25), AB3 re-scoped (`format:` → io-manifest `hint`, inputs leave the prompt, D25), AB5 rewritten (schema → `schemas/<id>.schema.json`, field docs = `description`, D24), self-containment rule rewritten (inputs resolved+injected by orchestrator, not declared), Output-schema-explicit convention rewritten (externalized to registry), + new frozen artifact classes registered (`schemas/`+`schemas.lock`, `io/`+`io.lock`); prompt-skeleton.md — dropped `inputs:` frontmatter + `## Output schema` section, `outputs:` carries the schema registry id. AB1–AB2/AB4/AB6–AB9 + PR1/PR3/PR4 + caveman block unchanged; build-dag.json/components.json/contracts.json unchanged. Additive amendment to v4 canon; set coherent. The 39 prompts re-author against this v5 canon in the W6 wave (drain) — until then the shipped prompts lag the canon by design (W0 lands canon, W6 catches prompts up). Re-signed content_sha256 over the 5 manifested artifacts (sorted-name order, documented algorithm). v4 = v3 + AB7/AB8/AB9 (coding-canon AB section AB1-6 -> AB1-9, each citing spec P13/A-ECON, not re-owning) + caveman-block AB7-9 delta line + prompt-skeleton dual-mode Rules rule (ONE shared ## Rules block + per-mode delta; kills the Part A<->B rule copy). Canon authored, then frozen per step-7 ordering (freeze only after the gate exists + both-directions self-test holds) after re-authoring all 8 03-hld + 8 04-build prompts against v4 through the gate (economy-lint clean on C2/C5/C6/C8; clean-room value-verify: DERIVE-TESTS exact-match its golden, DEFINE-CONTRACTS value-invariant vs a shipped-prompt control on the same bench — both directions of the only-duplication-dies bar). Additive to v3 canon (AB1-6 + PR1-4 unchanged); set coherent. AB1-6 = placement idioms, AB7-9 = prompt-stack realization of P13. Editorial 2026-06-09: build-initiative provenance labels + working-tree-state note scrubbed; the 5 manifested artifacts + content_sha256 unchanged.",
  "class": "self-host",
  "mode": "skeleton",
  "built_against": {
    "aprd_lock": ".aprd/aprd.lock",
    "adr_lock": ".adr/adr.lock",
    "adr_version": "v17"
  },
  "artifacts": [
    {
      "name": "prompt-skeleton.md",
      "ref": ".hld/skeleton/prompt-skeleton.md",
      "summary": "the DRY prompt scaffold (D10)"
    },
    {
      "name": "coding-canon.md",
      "ref": ".hld/skeleton/coding-canon.md",
      "summary": "caveman + PR1–4 + AB1–9 + conventions"
    },
    {
      "name": "components.json",
      "ref": ".hld/skeleton/components.json",
      "summary": "45 roles across 5 phases"
    },
    {
      "name": "build-dag.json",
      "ref": ".hld/skeleton/build-dag.json",
      "summary": "5-phase build order"
    },
    {
      "name": "contracts.json",
      "ref": ".hld/skeleton/contracts.json",
      "summary": "PR2 producer/consumer chain"
    }
  ],
  "skeleton_counts": {
    "phases": 5,
    "roles": 45
  }
}
