{
  "artifact": ".hld/skeleton/",
  "version": "v1",
  "content_sha256": "507d95a2447c55cfee3c4353b7eb5994d7acc05fd22e9c0d12846d6bc6b23747",
  "signer": "self-host:agentic-delivery-pipeline",
  "signed_at": "2026-06-08T00:00:00Z",
  "status": "frozen",
  "gate": {
    "reconcile_critique_verdict": "clean"
  },
  "class": "self-host",
  "mode": "skeleton",
  "built_against": {
    "aprd_lock": ".aprd/aprd.lock",
    "adr_lock": ".adr/adr.lock"
  },
  "artifacts": [
    {
      "name": "prompt-skeleton.md",
      "ref": ".hld/skeleton/prompt-skeleton.md",
      "summary": "the DRY prompt scaffold (D10)"
    },
    {
      "name": "coding-canon.md",
      "ref": ".hld/skeleton/coding-canon.md",
      "summary": "caveman + PR1–4 + AB1–6 + conventions"
    },
    {
      "name": "components.json",
      "ref": ".hld/skeleton/components.json",
      "summary": "39 roles across 5 phases"
    },
    {
      "name": "build-dag.json",
      "ref": ".hld/skeleton/build-dag.json",
      "summary": "5-phase build order"
    },
    {
      "name": "contracts.json",
      "ref": ".hld/skeleton/contracts.json",
      "summary": "PR2 producer/consumer chain"
    }
  ],
  "skeleton_counts": {
    "phases": 5,
    "roles": 39
  }
}
