{
  "artifact": ".build/slices/S4/oracle/",
  "version": "v2",
  "content_sha256": "b2f9e4a17c3d0856e4d3c2b1a0f9e8d7c6b5a4938271f0e9d8c7b6a5948372b1",
  "signer": "test-author:freelancer-time-tracking",
  "signed_at": "2026-06-11T00:00:00Z",
  "status": "frozen",
  "starts_red": true,
  "builder_may_not_edit": true,
  "mode": "bugfix",
  "class": "bugfix",
  "slice_id": "S4",
  "supersedes": ".build/slices/S4/oracle/oracle.lock@v1",
  "built_against": {
    "slice_oracle_lock": ".build/slices/S4/oracle/oracle.lock",
    "skeleton_lock": ".hld/skeleton.lock",
    "adr_lock": ".adr/adr.lock",
    "aprd_lock": ".aprd/aprd.lock",
    "diagnosis": ".aprd/diagnosis.json",
    "slice_test_specs": ".hld/slices/S4/test-specs.json"
  },
  "manifest": "oracle.json",
  "test_files": [
    "reproduction/test_AC11_null_rate.py",
    "conftest.py"
  ],
  "mutation_certified": []
}
